dependencies:
- name: replicated-library
  repository: https://replicatedhq.github.io/helm-charts
  version: 0.13.4
- name: postgresql
  repository: oci://registry-1.docker.io/bitnamicharts
  version: 12.4.3
- name: replicated
  repository: oci://registry.replicated.com/library
  version: 0.0.1-alpha.17
digest: sha256:6b8a5cbc904fbe6e944fe3219da15436cfc693a56ad67edb2306b5e8f1d9fb53
generated: "2023-06-23T10:20:23.848603-04:00"
